Microsoft Visual Studio Solution File, Format Version 12.00
# Visual Studio 2012
Project("{FAE04EC0-301F-11D3-BF4B-00C04F79EFBC}") = "WinUIDialogWindowAndMessageBox", "WinUIDialogWindowAndMessageBox\WinUIDialogWindowAndMessageBox.csproj", "{A8A62150-6937-4428-8490-D1F0D99EAF0E}"
EndProject
Project("{FAE04EC0-301F-11D3-BF4B-00C04F79EFBC}") = "WinUIDialogWindowAndMessageBox.MVVM", "WinUIDialogWindowAndMessageBox.MVVM\WinUIDialogWindowAndMessageBox.MVVM.csproj", "{A5B11450-6287-40F7-A714-2B7469DFE042}"
EndProject
Global
	GlobalSection(SolutionConfigurationPlatforms) = preSolution
		Debug|Any CPU = Debug|Any CPU
		Release|Any CPU = Release|Any CPU
	EndGlobalSection
	GlobalSection(ProjectConfigurationPlatforms) = postSolution
		{A8A62150-6937-4428-8490-D1F0D99EAF0E}.Debug|Any CPU.ActiveCfg = Debug|Any CPU
		{A8A62150-6937-4428-8490-D1F0D99EAF0E}.Debug|Any CPU.Build.0 = Debug|Any CPU
		{A8A62150-6937-4428-8490-D1F0D99EAF0E}.Release|Any CPU.ActiveCfg = Release|Any CPU
		{A8A62150-6937-4428-8490-D1F0D99EAF0E}.Release|Any CPU.Build.0 = Release|Any CPU
		{A5B11450-6287-40F7-A714-2B7469DFE042}.Debug|Any CPU.ActiveCfg = Debug|Any CPU
		{A5B11450-6287-40F7-A714-2B7469DFE042}.Debug|Any CPU.Build.0 = Debug|Any CPU
		{A5B11450-6287-40F7-A714-2B7469DFE042}.Release|Any CPU.ActiveCfg = Release|Any CPU
		{A5B11450-6287-40F7-A714-2B7469DFE042}.Release|Any CPU.Build.0 = Release|Any CPU
	EndGlobalSection
	GlobalSection(SolutionProperties) = preSolution
		HideSolutionNode = FALSE
	EndGlobalSection
EndGlobal
